// !$*UTF8*$!
{
	archiveVersion = 1;
	classes = {
	};
	objectVersion = 51;
	objects = {

/* Begin PBXBuildFile section */
		24BD865F273943490044DD71 /* AppDelegate.swift in Sources */ = {isa = PBXBuildFile; fileRef = 24BD865E273943490044DD71 /* AppDelegate.swift */; };
		24BD8661273943490044DD71 /* SceneDelegate.swift in Sources */ = {isa = PBXBuildFile; fileRef = 24BD8660273943490044DD71 /* SceneDelegate.swift */; };
		24BD8666273943490044DD71 /* Main.storyboard in Resources */ = {isa = PBXBuildFile; fileRef = 24BD8664273943490044DD71 /* Main.storyboard */; };
		24BD86682739434A0044DD71 /* Assets.xcassets in Resources */ = {isa = PBXBuildFile; fileRef = 24BD86672739434A0044DD71 /* Assets.xcassets */; };
		24BD866B2739434A0044DD71 /* LaunchScreen.storyboard in Resources */ = {isa = PBXBuildFile; fileRef = 24BD86692739434A0044DD71 /* LaunchScreen.storyboard */; };
		24BD86732739FA220044DD71 /* SelectViewController.swift in Sources */ = {isa = PBXBuildFile; fileRef = 24BD86722739FA220044DD71 /* SelectViewController.swift */; };
		24CED13A2739FCC80012AD7D /* SendCardViewController.swift in Sources */ = {isa = PBXBuildFile; fileRef = 24CED1392739FCC80012AD7D /* SendCardViewController.swift */; };
		24CED13F273A0AC40012AD7D /* SocketIOManager.swift in Sources */ = {isa = PBXBuildFile; fileRef = 24CED13E273A0AC40012AD7D /* SocketIOManager.swift */; };
		24CED141273A20040012AD7D /* CardListViewController.swift in Sources */ = {isa = PBXBuildFile; fileRef = 24CED140273A20040012AD7D /* CardListViewController.swift */; };
		24CED143273A20460012AD7D /* CardListCell.swift in Sources */ = {isa = PBXBuildFile; fileRef = 24CED142273A20460012AD7D /* CardListCell.swift */; };
		24CED147273A209C0012AD7D /* MyCardViewController.swift in Sources */ = {isa = PBXBuildFile; fileRef = 24CED146273A209C0012AD7D /* MyCardViewController.swift */; };
		24CED14C273A22FE0012AD7D /* AudioData.swift in Sources */ = {isa = PBXBuildFile; fileRef = 24CED14B273A22FE0012AD7D /* AudioData.swift */; };
		24CED14E273A34A90012AD7D /* SocketParser.swift in Sources */ = {isa = PBXBuildFile; fileRef = 24CED14D273A34A90012AD7D /* SocketParser.swift */; };
		24CED150273A55A60012AD7D /* ReceiveViewController.swift in Sources */ = {isa = PBXBuildFile; fileRef = 24CED14F273A55A60012AD7D /* ReceiveViewController.swift */; };
		24F7195E2740FE350096971B /* DetailInfoVC.swift in Sources */ = {isa = PBXBuildFile; fileRef = 24F7195D2740FE350096971B /* DetailInfoVC.swift */; };
		24F7196227410A560096971B /* Card.swift in Sources */ = {isa = PBXBuildFile; fileRef = 24F7196127410A560096971B /* Card.swift */; };
		541D3A4EFF518CE1E7D610A4 /* Pods_Modu.framework in Frameworks */ = {isa = PBXBuildFile; fileRef = 9AF562A5ADD7DA3BF5F2446F /* Pods_Modu.framework */; };
/* End PBXBuildFile section */

/* Begin PBXFileReference section */
		24BD865B273943490044DD71 /* Modu.app */ = {isa = PBXFileReference; explicitFileType = wrapper.application; includeInIndex = 0; path = Modu.app; sourceTree = BUILT_PRODUCTS_DIR; };
		24BD865E273943490044DD71 /* AppDelegate.swift */ = {isa = PBXFileReference; lastKnownFileType = sourcecode.swift; path = AppDelegate.swift; sourceTree = "<group>"; };
		24BD8660273943490044DD71 /* SceneDelegate.swift */ = {isa = PBXFileReference; lastKnownFileType = sourcecode.swift; path = SceneDelegate.swift; sourceTree = "<group>"; };
		24BD8665273943490044DD71 /* Base */ = {isa = PBXFileReference; lastKnownFileType = file.storyboard; name = Base; path = Base.lproj/Main.storyboard; sourceTree = "<group>"; };
		24BD86672739434A0044DD71 /* Assets.xcassets */ = {isa = PBXFileReference; lastKnownFileType = folder.assetcatalog; path = Assets.xcassets; sourceTree = "<group>"; };
		24BD866A2739434A0044DD71 /* Base */ = {isa = PBXFileReference; lastKnownFileType = file.storyboard; name = Base; path = Base.lproj/LaunchScreen.storyboard; sourceTree = "<group>"; };
		24BD866C2739434A0044DD71 /* Info.plist */ = {isa = PBXFileReference; lastKnownFileType = text.plist.xml; path = Info.plist; sourceTree = "<group>"; };
		24BD86722739FA220044DD71 /* SelectViewController.swift */ = {isa = PBXFileReference; lastKnownFileType = sourcecode.swift; path = SelectViewController.swift; sourceTree = "<group>"; };
		24CED1392739FCC80012AD7D /* SendCardViewController.swift */ = {isa = PBXFileReference; lastKnownFileType = sourcecode.swift; path = SendCardViewController.swift; sourceTree = "<group>"; };
		24CED13E273A0AC40012AD7D /* SocketIOManager.swift */ = {isa = PBXFileReference; lastKnownFileType = sourcecode.swift; name = SocketIOManager.swift; path = Modu/UI/SocketIOManager.swift; sourceTree = SOURCE_ROOT; };
		24CED140273A20040012AD7D /* CardListViewController.swift */ = {isa = PBXFileReference; lastKnownFileType = sourcecode.swift; path = CardListViewController.swift; sourceTree = "<group>"; };
		24CED142273A20460012AD7D /* CardListCell.swift */ = {isa = PBXFileReference; lastKnownFileType = sourcecode.swift; path = CardListCell.swift; sourceTree = "<group>"; };
		24CED146273A209C0012AD7D /* MyCardViewController.swift */ = {isa = PBXFileReference; lastKnownFileType = sourcecode.swift; path = MyCardViewController.swift; sourceTree = "<group>"; };
		24CED14B273A22FE0012AD7D /* AudioData.swift */ = {isa = PBXFileReference; lastKnownFileType = sourcecode.swift; path = AudioData.swift; sourceTree = "<group>"; };
		24CED14D273A34A90012AD7D /* SocketParser.swift */ = {isa = PBXFileReference; lastKnownFileType = sourcecode.swift; path = SocketParser.swift; sourceTree = "<group>"; };
		24CED14F273A55A60012AD7D /* ReceiveViewController.swift */ = {isa = PBXFileReference; lastKnownFileType = sourcecode.swift; path = ReceiveViewController.swift; sourceTree = "<group>"; };
		24F7195D2740FE350096971B /* DetailInfoVC.swift */ = {isa = PBXFileReference; lastKnownFileType = sourcecode.swift; path = DetailInfoVC.swift; sourceTree = "<group>"; };
		24F7196127410A560096971B /* Card.swift */ = {isa = PBXFileReference; lastKnownFileType = sourcecode.swift; path = Card.swift; sourceTree = "<group>"; };
		9AF562A5ADD7DA3BF5F2446F /* Pods_Modu.framework */ = {isa = PBXFileReference; explicitFileType = wrapper.framework; includeInIndex = 0; path = Pods_Modu.framework; sourceTree = BUILT_PRODUCTS_DIR; };
		A080AE82196CB66A488A17EA /* Pods-Modu.release.xcconfig */ = {isa = PBXFileReference; includeInIndex = 1; lastKnownFileType = text.xcconfig; name = "Pods-Modu.release.xcconfig"; path = "Target Support Files/Pods-Modu/Pods-Modu.release.xcconfig"; sourceTree = "<group>"; };
		D0C3F8A68A5C087D8AA9D3B0 /* Pods-Modu.debug.xcconfig */ = {isa = PBXFileReference; includeInIndex = 1; lastKnownFileType = text.xcconfig; name = "Pods-Modu.debug.xcconfig"; path = "Target Support Files/Pods-Modu/Pods-Modu.debug.xcconfig"; sourceTree = "<group>"; };
/* End PBXFileReference section */

/* Begin PBXFrameworksBuildPhase section */
		24BD8658273943490044DD71 /* Frameworks */ = {
			isa = PBXFrameworksBuildPhase;
			buildActionMask = 2147483647;
			files = (
				541D3A4EFF518CE1E7D610A4 /* Pods_Modu.framework in Frameworks */,
			);
			runOnlyForDeploymentPostprocessing = 0;
		};
/* End PBXFrameworksBuildPhase section */

/* Begin PBXGroup section */
		24BD8652273943490044DD71 = {
			isa = PBXGroup;
			children = (
				24BD865D273943490044DD71 /* Modu */,
				24BD865C273943490044DD71 /* Products */,
				B2DA2ECDAE56B19E674FAE85 /* Pods */,
				6CA8316C6B72D58A666F4143 /* Frameworks */,
			);
			sourceTree = "<group>";
		};
		24BD865C273943490044DD71 /* Products */ = {
			isa = PBXGroup;
			children = (
				24BD865B273943490044DD71 /* Modu.app */,
			);
			name = Products;
			sourceTree = "<group>";
		};
		24BD865D273943490044DD71 /* Modu */ = {
			isa = PBXGroup;
			children = (
				24CED13D273A07900012AD7D /* Socket */,
				24CED13C273A05960012AD7D /* Model */,
				24CED13B2739FCCE0012AD7D /* UI */,
				24BD865E273943490044DD71 /* AppDelegate.swift */,
				24BD8660273943490044DD71 /* SceneDelegate.swift */,
				24BD8664273943490044DD71 /* Main.storyboard */,
				24BD86672739434A0044DD71 /* Assets.xcassets */,
				24BD86692739434A0044DD71 /* LaunchScreen.storyboard */,
				24BD866C2739434A0044DD71 /* Info.plist */,
			);
			path = Modu;
			sourceTree = "<group>";
		};
		24CED13B2739FCCE0012AD7D /* UI */ = {
			isa = PBXGroup;
			children = (
				24CED144273A20510012AD7D /* 01.Main */,
				24CED145273A20690012AD7D /* 02.MyNameCard */,
				24CED148273A20A40012AD7D /* 03.CardList */,
			);
			path = UI;
			sourceTree = "<group>";
		};
		24CED13C273A05960012AD7D /* Model */ = {
			isa = PBXGroup;
			children = (
				24F7196127410A560096971B /* Card.swift */,
				24CED14B273A22FE0012AD7D /* AudioData.swift */,
			);
			path = Model;
			sourceTree = "<group>";
		};
		24CED13D273A07900012AD7D /* Socket */ = {
			isa = PBXGroup;
			children = (
				24CED13E273A0AC40012AD7D /* SocketIOManager.swift */,
				24CED14D273A34A90012AD7D /* SocketParser.swift */,
			);
			path = Socket;
			sourceTree = "<group>";
		};
		24CED144273A20510012AD7D /* 01.Main */ = {
			isa = PBXGroup;
			children = (
				24CED1392739FCC80012AD7D /* SendCardViewController.swift */,
				24CED14F273A55A60012AD7D /* ReceiveViewController.swift */,
				24BD86722739FA220044DD71 /* SelectViewController.swift */,
			);
			path = 01.Main;
			sourceTree = "<group>";
		};
		24CED145273A20690012AD7D /* 02.MyNameCard */ = {
			isa = PBXGroup;
			children = (
				24CED146273A209C0012AD7D /* MyCardViewController.swift */,
			);
			path = 02.MyNameCard;
			sourceTree = "<group>";
		};
		24CED148273A20A40012AD7D /* 03.CardList */ = {
			isa = PBXGroup;
			children = (
				24CED140273A20040012AD7D /* CardListViewController.swift */,
				24CED142273A20460012AD7D /* CardListCell.swift */,
				24F7195D2740FE350096971B /* DetailInfoVC.swift */,
			);
			path = 03.CardList;
			sourceTree = "<group>";
		};
		6CA8316C6B72D58A666F4143 /* Frameworks */ = {
			isa = PBXGroup;
			children = (
				9AF562A5ADD7DA3BF5F2446F /* Pods_Modu.framework */,
			);
			name = Frameworks;
			sourceTree = "<group>";
		};
		B2DA2ECDAE56B19E674FAE85 /* Pods */ = {
			isa = PBXGroup;
			children = (
				D0C3F8A68A5C087D8AA9D3B0 /* Pods-Modu.debug.xcconfig */,
				A080AE82196CB66A488A17EA /* Pods-Modu.release.xcconfig */,
			);
			path = Pods;
			sourceTree = "<group>";
		};
/* End PBXGroup section */

/* Begin PBXNativeTarget section */
		24BD865A273943490044DD71 /* Modu */ = {
			isa = PBXNativeTarget;
			buildConfigurationList = 24BD866F2739434A0044DD71 /* Build configuration list for PBXNativeTarget "Modu" */;
			buildPhases = (
				FBBEF860923D6C9741278082 /* [CP] Check Pods Manifest.lock */,
				24BD8657273943490044DD71 /* Sources */,
				24BD8658273943490044DD71 /* Frameworks */,
				24BD8659273943490044DD71 /* Resources */,
				7EF9F1CE6D91C1C7C3A7567D /* [CP] Embed Pods Frameworks */,
			);
			buildRules = (
			);
			dependencies = (
			);
			name = Modu;
			productName = Modu;
			productReference = 24BD865B273943490044DD71 /* Modu.app */;
			productType = "com.apple.product-type.application";
		};
/* End PBXNativeTarget section */

/* Begin PBXProject section */
		24BD8653273943490044DD71 /* Project object */ = {
			isa = PBXProject;
			attributes = {
				LastSwiftUpdateCheck = 1250;
				LastUpgradeCheck = 1250;
				TargetAttributes = {
					24BD865A273943490044DD71 = {
						CreatedOnToolsVersion = 12.5.1;
						LastSwiftMigration = 1250;
					};
				};
			};
			buildConfigurationList = 24BD8656273943490044DD71 /* Build configuration list for PBXProject "Modu" */;
			compatibilityVersion = "Xcode 9.3";
			developmentRegion = en;
			hasScannedForEncodings = 0;
			knownRegions = (
				en,
				Base,
			);
			mainGroup = 24BD8652273943490044DD71;
			productRefGroup = 24BD865C273943490044DD71 /* Products */;
			projectDirPath = "";
			projectRoot = "";
			targets = (
				24BD865A273943490044DD71 /* Modu */,
			);
		};
/* End PBXProject section */

/* Begin PBXResourcesBuildPhase section */
		24BD8659273943490044DD71 /* Resources */ = {
			isa = PBXResourcesBuildPhase;
			buildActionMask = 2147483647;
			files = (
				24BD866B2739434A0044DD71 /* LaunchScreen.storyboard in Resources */,
				24BD86682739434A0044DD71 /* Assets.xcassets in Resources */,
				24BD8666273943490044DD71 /* Main.storyboard in Resources */,
			);
			runOnlyForDeploymentPostprocessing = 0;
		};
/* End PBXResourcesBuildPhase section */

/* Begin PBXShellScriptBuildPhase section */
		7EF9F1CE6D91C1C7C3A7567D /* [CP] Embed Pods Frameworks */ = {
			isa = PBXShellScriptBuildPhase;
			buildActionMask = 2147483647;
			files = (
			);
			inputFileListPaths = (
				"${PODS_ROOT}/Target Support Files/Pods-Modu/Pods-Modu-frameworks-${CONFIGURATION}-input-files.xcfilelist",
			);
			name = "[CP] Embed Pods Frameworks";
			outputFileListPaths = (
				"${PODS_ROOT}/Target Support Files/Pods-Modu/Pods-Modu-frameworks-${CONFIGURATION}-output-files.xcfilelist",
			);
			runOnlyForDeploymentPostprocessing = 0;
			shellPath = /bin/sh;
			shellScript = "\"${PODS_ROOT}/Target Support Files/Pods-Modu/Pods-Modu-frameworks.sh\"\n";
			showEnvVarsInLog = 0;
		};
		FBBEF860923D6C9741278082 /* [CP] Check Pods Manifest.lock */ = {
			isa = PBXShellScriptBuildPhase;
			buildActionMask = 2147483647;
			files = (
			);
			inputFileListPaths = (
			);
			inputPaths = (
				"${PODS_PODFILE_DIR_PATH}/Podfile.lock",
				"${PODS_ROOT}/Manifest.lock",
			);
			name = "[CP] Check Pods Manifest.lock";
			outputFileListPaths = (
			);
			outputPaths = (
				"$(DERIVED_FILE_DIR)/Pods-Modu-checkManifestLockResult.txt",
			);
			runOnlyForDeploymentPostprocessing = 0;
			shellPath = /bin/sh;
			shellScript = "diff \"${PODS_PODFILE_DIR_PATH}/Podfile.lock\" \"${PODS_ROOT}/Manifest.lock\" > /dev/null\nif [ $? != 0 ] ; then\n    # print error to STDERR\n    echo \"error: The sandbox is not in sync with the Podfile.lock. Run 'pod install' or update your CocoaPods installation.\" >&2\n    exit 1\nfi\n# This output is used by Xcode 'outputs' to avoid re-running this script phase.\necho \"SUCCESS\" > \"${SCRIPT_OUTPUT_FILE_0}\"\n";
			showEnvVarsInLog = 0;
		};
/* End PBXShellScriptBuildPhase section */

/* Begin PBXSourcesBuildPhase section */
		24BD8657273943490044DD71 /* Sources */ = {
			isa = PBXSourcesBuildPhase;
			buildActionMask = 2147483647;
			files = (
				24CED14E273A34A90012AD7D /* SocketParser.swift in Sources */,
				24CED141273A20040012AD7D /* CardListViewController.swift in Sources */,
				24F7195E2740FE350096971B /* DetailInfoVC.swift in Sources */,
				24BD865F273943490044DD71 /* AppDelegate.swift in Sources */,
				24CED13F273A0AC40012AD7D /* SocketIOManager.swift in Sources */,
				24CED150273A55A60012AD7D /* ReceiveViewController.swift in Sources */,
				24BD86732739FA220044DD71 /* SelectViewController.swift in Sources */,
				24CED14C273A22FE0012AD7D /* AudioData.swift in Sources */,
				24CED147273A209C0012AD7D /* MyCardViewController.swift in Sources */,
				24F7196227410A560096971B /* Card.swift in Sources */,
				24CED13A2739FCC80012AD7D /* SendCardViewController.swift in Sources */,
				24CED143273A20460012AD7D /* CardListCell.swift in Sources */,
				24BD8661273943490044DD71 /* SceneDelegate.swift in Sources */,
			);
			runOnlyForDeploymentPostprocessing = 0;
		};
/* End PBXSourcesBuildPhase section */

/* Begin PBXVariantGroup section */
		24BD8664273943490044DD71 /* Main.storyboard */ = {
			isa = PBXVariantGroup;
			children = (
				24BD8665273943490044DD71 /* Base */,
			);
			name = Main.storyboard;
			sourceTree = "<group>";
		};
		24BD86692739434A0044DD71 /* LaunchScreen.storyboard */ = {
			isa = PBXVariantGroup;
			children = (
				24BD866A2739434A0044DD71 /* Base */,
			);
			name = LaunchScreen.storyboard;
			sourceTree = "<group>";
		};
/* End PBXVariantGroup section */

/* Begin XCBuildConfiguration section */
		24BD866D2739434A0044DD71 /* Debug */ = {
			isa = XCBuildConfiguration;
			buildSettings = {
				ALWAYS_SEARCH_USER_PATHS = NO;
				CLANG_ANALYZER_NONNULL = YES;
				CLANG_ANALYZER_NUMBER_OBJECT_CONVERSION = YES_AGGRESSIVE;
				CLANG_CXX_LANGUAGE_STANDARD = "gnu++14";
				CLANG_CXX_LIBRARY = "libc++";
				CLANG_ENABLE_MODULES = YES;
				CLANG_ENABLE_OBJC_ARC = YES;
				CLANG_ENABLE_OBJC_WEAK = YES;
				CLANG_WARN_BLOCK_CAPTURE_AUTORELEASING = YES;
				CLANG_WARN_BOOL_CONVERSION = YES;
				CLANG_WARN_COMMA = YES;
				CLANG_WARN_CONSTANT_CONVERSION = YES;
				CLANG_WARN_DEPRECATED_OBJC_IMPLEMENTATIONS = YES;
				CLANG_WARN_DIRECT_OBJC_ISA_USAGE = YES_ERROR;
				CLANG_WARN_DOCUMENTATION_COMMENTS = YES;
				CLANG_WARN_EMPTY_BODY = YES;
				CLANG_WARN_ENUM_CONVERSION = YES;
				CLANG_WARN_INFINITE_RECURSION = YES;
				CLANG_WARN_INT_CONVERSION = YES;
				CLANG_WARN_NON_LITERAL_NULL_CONVERSION = YES;
				CLANG_WARN_OBJC_IMPLICIT_RETAIN_SELF = YES;
				CLANG_WARN_OBJC_LITERAL_CONVERSION = YES;
				CLANG_WARN_OBJC_ROOT_CLASS = YES_ERROR;
				CLANG_WARN_QUOTED_INCLUDE_IN_FRAMEWORK_HEADER = YES;
				CLANG_WARN_RANGE_LOOP_ANALYSIS = YES;
				CLANG_WARN_STRICT_PROTOTYPES = YES;
				CLANG_WARN_SUSPICIOUS_MOVE = YES;
				CLANG_WARN_UNGUARDED_AVAILABILITY = YES_AGGRESSIVE;
				CLANG_WARN_UNREACHABLE_CODE = YES;
				CLANG_WARN__DUPLICATE_METHOD_MATCH = YES;
				COPY_PHASE_STRIP = NO;
				DEBUG_INFORMATION_FORMAT = dwarf;
				ENABLE_STRICT_OBJC_MSGSEND = YES;
				ENABLE_TESTABILITY = YES;
				GCC_C_LANGUAGE_STANDARD = gnu11;
				GCC_DYNAMIC_NO_PIC = NO;
				GCC_NO_COMMON_BLOCKS = YES;
				GCC_OPTIMIZATION_LEVEL = 0;
				GCC_PREPROCESSOR_DEFINITIONS = (
					"DEBUG=1",
					"$(inherited)",
				);
				GCC_WARN_64_TO_32_BIT_CONVERSION = YES;
				GCC_WARN_ABOUT_RETURN_TYPE = YES_ERROR;
				GCC_WARN_UNDECLARED_SELECTOR = YES;
				GCC_WARN_UNINITIALIZED_AUTOS = YES_AGGRESSIVE;
				GCC_WARN_UNUSED_FUNCTION = YES;
				GCC_WARN_UNUSED_VARIABLE = YES;
				IPHONEOS_DEPLOYMENT_TARGET = 14.5;
				MTL_ENABLE_DEBUG_INFO = INCLUDE_SOURCE;
				MTL_FAST_MATH = YES;
				ONLY_ACTIVE_ARCH = YES;
				SDKROOT = iphoneos;
				SWIFT_ACTIVE_COMPILATION_CONDITIONS = DEBUG;
				SWIFT_OPTIMIZATION_LEVEL = "-Onone";
			};
			name = Debug;
		};
		24BD866E2739434A0044DD71 /* Release */ = {
			isa = XCBuildConfiguration;
			buildSettings = {
				ALWAYS_SEARCH_USER_PATHS = NO;
				CLANG_ANALYZER_NONNULL = YES;
				CLANG_ANALYZER_NUMBER_OBJECT_CONVERSION = YES_AGGRESSIVE;
				CLANG_CXX_LANGUAGE_STANDARD = "gnu++14";
				CLANG_CXX_LIBRARY = "libc++";
				CLANG_ENABLE_MODULES = YES;
				CLANG_ENABLE_OBJC_ARC = YES;
				CLANG_ENABLE_OBJC_WEAK = YES;
				CLANG_WARN_BLOCK_CAPTURE_AUTORELEASING = YES;
				CLANG_WARN_BOOL_CONVERSION = YES;
				CLANG_WARN_COMMA = YES;
				CLANG_WARN_CONSTANT_CONVERSION = YES;
				CLANG_WARN_DEPRECATED_OBJC_IMPLEMENTATIONS = YES;
				CLANG_WARN_DIRECT_OBJC_ISA_USAGE = YES_ERROR;
				CLANG_WARN_DOCUMENTATION_COMMENTS = YES;
				CLANG_WARN_EMPTY_BODY = YES;
				CLANG_WARN_ENUM_CONVERSION = YES;
				CLANG_WARN_INFINITE_RECURSION = YES;
				CLANG_WARN_INT_CONVERSION = YES;
				CLANG_WARN_NON_LITERAL_NULL_CONVERSION = YES;
				CLANG_WARN_OBJC_IMPLICIT_RETAIN_SELF = YES;
				CLANG_WARN_OBJC_LITERAL_CONVERSION = YES;
				CLANG_WARN_OBJC_ROOT_CLASS = YES_ERROR;
				CLANG_WARN_QUOTED_INCLUDE_IN_FRAMEWORK_HEADER = YES;
				CLANG_WARN_RANGE_LOOP_ANALYSIS = YES;
				CLANG_WARN_STRICT_PROTOTYPES = YES;
				CLANG_WARN_SUSPICIOUS_MOVE = YES;
				CLANG_WARN_UNGUARDED_AVAILABILITY = YES_AGGRESSIVE;
				CLANG_WARN_UNREACHABLE_CODE = YES;
				CLANG_WARN__DUPLICATE_METHOD_MATCH = YES;
				COPY_PHASE_STRIP = NO;
				DEBUG_INFORMATION_FORMAT = "dwarf-with-dsym";
				ENABLE_NS_ASSERTIONS = NO;
				ENABLE_STRICT_OBJC_MSGSEND = YES;
				GCC_C_LANGUAGE_STANDARD = gnu11;
				GCC_NO_COMMON_BLOCKS = YES;
				GCC_WARN_64_TO_32_BIT_CONVERSION = YES;
				GCC_WARN_ABOUT_RETURN_TYPE = YES_ERROR;
				GCC_WARN_UNDECLARED_SELECTOR = YES;
				GCC_WARN_UNINITIALIZED_AUTOS = YES_AGGRESSIVE;
				GCC_WARN_UNUSED_FUNCTION = YES;
				GCC_WARN_UNUSED_VARIABLE = YES;
				IPHONEOS_DEPLOYMENT_TARGET = 14.5;
				MTL_ENABLE_DEBUG_INFO = NO;
				MTL_FAST_MATH = YES;
				SDKROOT = iphoneos;
				SWIFT_COMPILATION_MODE = wholemodule;
				SWIFT_OPTIMIZATION_LEVEL = "-O";
				VALIDATE_PRODUCT = YES;
			};
			name = Release;
		};
		24BD86702739434A0044DD71 /* Debug */ = {
			isa = XCBuildConfiguration;
			baseConfigurationReference = D0C3F8A68A5C087D8AA9D3B0 /* Pods-Modu.debug.xcconfig */;
			buildSettings = {
				ASSETCATALOG_COMPILER_APPICON_NAME = AppIcon;
				ASSETCATALOG_COMPILER_GLOBAL_ACCENT_COLOR_NAME = AccentColor;
				CLANG_ENABLE_MODULES = YES;
				CODE_SIGN_STYLE = Automatic;
				DEVELOPMENT_TEAM = L88FL78593;
				INFOPLIST_FILE = Modu/Info.plist;
				LD_RUNPATH_SEARCH_PATHS = (
					"$(inherited)",
					"@executable_path/Frameworks",
				);
				PRODUCT_BUNDLE_IDENTIFIER = freemjstudio.Modu;
				PRODUCT_NAME = "$(TARGET_NAME)";
				SWIFT_OPTIMIZATION_LEVEL = "-Onone";
				SWIFT_VERSION = 5.0;
				TARGETED_DEVICE_FAMILY = "1,2";
			};
			name = Debug;
		};
		24BD86712739434A0044DD71 /* Release */ = {
			isa = XCBuildConfiguration;
			baseConfigurationReference = A080AE82196CB66A488A17EA /* Pods-Modu.release.xcconfig */;
			buildSettings = {
				ASSETCATALOG_COMPILER_APPICON_NAME = AppIcon;
				ASSETCATALOG_COMPILER_GLOBAL_ACCENT_COLOR_NAME = AccentColor;
				CLANG_ENABLE_MODULES = YES;
				CODE_SIGN_STYLE = Automatic;
				DEVELOPMENT_TEAM = L88FL78593;
				INFOPLIST_FILE = Modu/Info.plist;
				LD_RUNPATH_SEARCH_PATHS = (
					"$(inherited)",
					"@executable_path/Frameworks",
				);
				PRODUCT_BUNDLE_IDENTIFIER = freemjstudio.Modu;
				PRODUCT_NAME = "$(TARGET_NAME)";
				SWIFT_VERSION = 5.0;
				TARGETED_DEVICE_FAMILY = "1,2";
			};
			name = Release;
		};
/* End XCBuildConfiguration section */

/* Begin XCConfigurationList section */
		24BD8656273943490044DD71 /* Build configuration list for PBXProject "Modu" */ = {
			isa = XCConfigurationList;
			buildConfigurations = (
				24BD866D2739434A0044DD71 /* Debug */,
				24BD866E2739434A0044DD71 /* Release */,
			);
			defaultConfigurationIsVisible = 0;
			defaultConfigurationName = Release;
		};
		24BD866F2739434A0044DD71 /* Build configuration list for PBXNativeTarget "Modu" */ = {
			isa = XCConfigurationList;
			buildConfigurations = (
				24BD86702739434A0044DD71 /* Debug */,
				24BD86712739434A0044DD71 /* Release */,
			);
			defaultConfigurationIsVisible = 0;
			defaultConfigurationName = Release;
		};
/* End XCConfigurationList section */
	};
	rootObject = 24BD8653273943490044DD71 /* Project object */;
}
